
Microsoft Visual Studio Solution File, Format Version 12.00
# Visual Studio Version 17
VisualStudioVersion = 17.11.35327.3
MinimumVisualStudioVersion = 10.0.40219.1
Project("{FAE04EC0-301F-11D3-BF4B-00C04F79EFBC}") = "Tumakov_DZ", "Tumakov_DZ\Tumakov_DZ.csproj", "{6FDFAFFD-6818-48EA-B096-D3AFE402C15A}"
EndProject
Project("{FAE04EC0-301F-11D3-BF4B-00C04F79EFBC}") = "DZ", "DZ\DZ.csproj", "{94F0E624-DBB2-4008-A1D2-1367274C2175}"
EndProject
Global
	GlobalSection(SolutionConfigurationPlatforms) = preSolution
		Debug|Any CPU = Debug|Any CPU
		Release|Any CPU = Release|Any CPU
	EndGlobalSection
	GlobalSection(ProjectConfigurationPlatforms) = postSolution
		{6FDFAFFD-6818-48EA-B096-D3AFE402C15A}.Debug|Any CPU.ActiveCfg = Debug|Any CPU
		{6FDFAFFD-6818-48EA-B096-D3AFE402C15A}.Debug|Any CPU.Build.0 = Debug|Any CPU
		{6FDFAFFD-6818-48EA-B096-D3AFE402C15A}.Release|Any CPU.ActiveCfg = Release|Any CPU
		{6FDFAFFD-6818-48EA-B096-D3AFE402C15A}.Release|Any CPU.Build.0 = Release|Any CPU
		{94F0E624-DBB2-4008-A1D2-1367274C2175}.Debug|Any CPU.ActiveCfg = Debug|Any CPU
		{94F0E624-DBB2-4008-A1D2-1367274C2175}.Debug|Any CPU.Build.0 = Debug|Any CPU
		{94F0E624-DBB2-4008-A1D2-1367274C2175}.Release|Any CPU.ActiveCfg = Release|Any CPU
		{94F0E624-DBB2-4008-A1D2-1367274C2175}.Release|Any CPU.Build.0 = Release|Any CPU
	EndGlobalSection
	GlobalSection(SolutionProperties) = preSolution
		HideSolutionNode = FALSE
	EndGlobalSection
	GlobalSection(ExtensibilityGlobals) = postSolution
		SolutionGuid = {04C0405F-DF94-458E-BB54-5F50AD37F7D5}
	EndGlobalSection
EndGlobal
